PODS:
  - Builder (1.0.3)
  - Clavier (2.0.0)
  - Draftsman (2.3.0):
    - Builder (~> 1.0.3)
    - Clavier (~> 2.0.0)
  - Nimble (10.0.0)
  - Quick (5.0.1)

DEPENDENCIES:
  - Builder (~> 1.0.3)
  - Draftsman (from `../`)
  - Nimble (~> 10.0.0)
  - Quick (~> 5.0.1)

SPEC REPOS:
  trunk:
    - Builder
    - Clavier
    - Nimble
    - Quick

EXTERNAL SOURCES:
  Draftsman:
    :path: "../"

SPEC CHECKSUMS:
  Builder: 2e97f87fe3ebb48ed8a228bc562017f3cf2b9d00
  Clavier: d2290317782c9e68c41ffeae14be1ac1d7b47fc3
  Draftsman: fe705e2d3a8647741d8551a56a4df42cd4d91753
  Nimble: 5316ef81a170ce87baf72dd961f22f89a602ff84
  Quick: 749aa754fd1e7d984f2000fe051e18a3a9809179

PODFILE CHECKSUM: 7a970c8ab798864f6bc417cdee1122164b8b9942

COCOAPODS: 1.11.3
