PODS:
  - Builder (1.0.1)
  - Clavier (1.0.2)
  - Draftsman (2.0.2):
    - Clavier (~> 1.0.2)
  - Nimble (9.2.0)
  - Quick (4.0.0)

DEPENDENCIES:
  - Builder (~> 1.0.1)
  - Draftsman (from `../`)
  - Nimble (~> 9.2.0)
  - Quick (~> 4.0.0)

SPEC REPOS:
  trunk:
    - Builder
    - Clavier
    - Nimble
    - Quick

EXTERNAL SOURCES:
  Draftsman:
    :path: "../"

SPEC CHECKSUMS:
  Builder: 66effa998c9ff4b327b129de18d6218026b7071f
  Clavier: 5ff754d3cc20b75e9ebe4412517a72cc47877939
  Draftsman: b1a1ab6e77d2bd5251ad51317784a9347f94d6df
  Nimble: 4f4a345c80b503b3ea13606a4f98405974ee4d0b
  Quick: 6473349e43b9271a8d43839d9ba1c442ed1b7ac4

PODFILE CHECKSUM: d17dd3b872eca89c80cbaecaeb6a1fdc971d6525

COCOAPODS: 1.10.1
