PODS:
  - Clavier (1.0.2)
  - Draftsman (2.0.1):
    - Clavier (~> 1.0.2)
  - Nimble (9.2.0)
  - Quick (4.0.0)

DEPENDENCIES:
  - Draftsman (from `../`)
  - Nimble (~> 9.2.0)
  - Quick (~> 4.0.0)

SPEC REPOS:
  trunk:
    - Clavier
    - Nimble
    - Quick

EXTERNAL SOURCES:
  Draftsman:
    :path: "../"

SPEC CHECKSUMS:
  Clavier: 5ff754d3cc20b75e9ebe4412517a72cc47877939
  Draftsman: e34ac9e776b33780078629d2a61602858c4bb87a
  Nimble: 4f4a345c80b503b3ea13606a4f98405974ee4d0b
  Quick: 6473349e43b9271a8d43839d9ba1c442ed1b7ac4

PODFILE CHECKSUM: 4c0537d621a17b728db2d6e23952f5b05a45ac11

COCOAPODS: 1.10.1
