{
  "object": {
    "pins": [
      {
        "package": "Builder",
        "repositoryURL": "https://github.com/hainayanda/Builder.git",
        "state": {
          "branch": null,
          "revision": "135f18c811c2e75f4a2fc8aae5e02c6c37d8d672",
          "version": "1.0.5"
        }
      },
      {
        "package": "Clavier",
        "repositoryURL": "https://github.com/hainayanda/Clavier.git",
        "state": {
          "branch": null,
          "revision": "acd31f2629d20b2df77ccb440ab2cb6bc2f7cfc6",
          "version": "2.0.2"
        }
      }
    ]
  },
  "version": 1
}
