{
  "object": {
    "pins": [
      {
        "package": "Builder",
        "repositoryURL": "https://github.com/hainayanda/Builder.git",
        "state": {
          "branch": null,
          "revision": "e04db3d4ea46bf4c374ecc1a31d6de4d48dac156",
          "version": "1.1.0"
        }
      },
      {
        "package": "Clavier",
        "repositoryURL": "https://github.com/hainayanda/Clavier.git",
        "state": {
          "branch": null,
          "revision": "a669eece7105cee029a3c11a5084169fe44879fd",
          "version": "2.0.3"
        }
      }
    ]
  },
  "version": 1
}
